
Microsoft Visual Studio Solution File, Format Version 12.00
# Visual Studio Version 16
VisualStudioVersion = 16.0.29424.173
MinimumVisualStudioVersion = 10.0.40219.1
Project("{FAE04EC0-301F-11D3-BF4B-00C04F79EFBC}") = "SeverTCP", "Socket\SeverTCP.csproj", "{04A94CEB-1FE4-4856-A7BC-062A2C7E3791}"
EndProject
Project("{FAE04EC0-301F-11D3-BF4B-00C04F79EFBC}") = "ClientTCP", "ClientTCP\ClientTCP.csproj", "{39155522-2797-483E-B0CB-D19F124966F5}"
EndProject
Global
	GlobalSection(SolutionConfigurationPlatforms) = preSolution
		Debug|Any CPU = Debug|Any CPU
		Release|Any CPU = Release|Any CPU
	EndGlobalSection
	GlobalSection(ProjectConfigurationPlatforms) = postSolution
		{04A94CEB-1FE4-4856-A7BC-062A2C7E3791}.Debug|Any CPU.ActiveCfg = Debug|Any CPU
		{04A94CEB-1FE4-4856-A7BC-062A2C7E3791}.Debug|Any CPU.Build.0 = Debug|Any CPU
		{04A94CEB-1FE4-4856-A7BC-062A2C7E3791}.Release|Any CPU.ActiveCfg = Release|Any CPU
		{04A94CEB-1FE4-4856-A7BC-062A2C7E3791}.Release|Any CPU.Build.0 = Release|Any CPU
		{39155522-2797-483E-B0CB-D19F124966F5}.Debug|Any CPU.ActiveCfg = Debug|Any CPU
		{39155522-2797-483E-B0CB-D19F124966F5}.Debug|Any CPU.Build.0 = Debug|Any CPU
		{39155522-2797-483E-B0CB-D19F124966F5}.Release|Any CPU.ActiveCfg = Release|Any CPU
		{39155522-2797-483E-B0CB-D19F124966F5}.Release|Any CPU.Build.0 = Release|Any CPU
	EndGlobalSection
	GlobalSection(SolutionProperties) = preSolution
		HideSolutionNode = FALSE
	EndGlobalSection
	GlobalSection(ExtensibilityGlobals) = postSolution
		SolutionGuid = {BD5CB3E0-3895-4308-83DE-1D230CAA1696}
	EndGlobalSection
EndGlobal
